
Microsoft Visual Studio Solution File, Format Version 12.00
# Visual Studio Version 16
VisualStudioVersion = 16.0.31624.102
MinimumVisualStudioVersion = 10.0.40219.1
Project("{FAE04EC0-301F-11D3-BF4B-00C04F79EFBC}") = "ReverseContentsOfArray", "ReverseContentsOfArray.csproj", "{635590D6-B9C2-475F-84A6-8219324125DC}"
EndProject
Global
	GlobalSection(SolutionConfigurationPlatforms) = preSolution
		Debug|Any CPU = Debug|Any CPU
		Release|Any CPU = Release|Any CPU
	EndGlobalSection
	GlobalSection(ProjectConfigurationPlatforms) = postSolution
		{635590D6-B9C2-475F-84A6-8219324125DC}.Debug|Any CPU.ActiveCfg = Debug|Any CPU
		{635590D6-B9C2-475F-84A6-8219324125DC}.Debug|Any CPU.Build.0 = Debug|Any CPU
		{635590D6-B9C2-475F-84A6-8219324125DC}.Release|Any CPU.ActiveCfg = Release|Any CPU
		{635590D6-B9C2-475F-84A6-8219324125DC}.Release|Any CPU.Build.0 = Release|Any CPU
	EndGlobalSection
	GlobalSection(SolutionProperties) = preSolution
		HideSolutionNode = FALSE
	EndGlobalSection
	GlobalSection(ExtensibilityGlobals) = postSolution
		SolutionGuid = {BAD1D655-4E5E-4591-855A-507F948A1CC0}
	EndGlobalSection
EndGlobal
